
Microsoft Visual Studio Solution File, Format Version 12.00
# Visual Studio Version 16
VisualStudioVersion = 16.0.29613.14
MinimumVisualStudioVersion = 10.0.40219.1
Project("{FAE04EC0-301F-11D3-BF4B-00C04F79EFBC}") = "CVS", "CVS.csproj", "{05DBDC77-B215-42C3-9D12-68954193F8BF}"
EndProject
Global
	GlobalSection(SolutionConfigurationPlatforms) = preSolution
		Debug|Any CPU = Debug|Any CPU
		Release|Any CPU = Release|Any CPU
	EndGlobalSection
	GlobalSection(ProjectConfigurationPlatforms) = postSolution
		{05DBDC77-B215-42C3-9D12-68954193F8BF}.Debug|Any CPU.ActiveCfg = Debug|Any CPU
		{05DBDC77-B215-42C3-9D12-68954193F8BF}.Debug|Any CPU.Build.0 = Debug|Any CPU
		{05DBDC77-B215-42C3-9D12-68954193F8BF}.Release|Any CPU.ActiveCfg = Release|Any CPU
		{05DBDC77-B215-42C3-9D12-68954193F8BF}.Release|Any CPU.Build.0 = Release|Any CPU
	EndGlobalSection
	GlobalSection(SolutionProperties) = preSolution
		HideSolutionNode = FALSE
	EndGlobalSection
	GlobalSection(ExtensibilityGlobals) = postSolution
		SolutionGuid = {2DF37F26-8B78-4A81-8AE6-222564BAA45E}
	EndGlobalSection
EndGlobal
